// !$*UTF8*$!
{
	archiveVersion = 1;
	classes = {
	};
	objectVersion = 46;
	objects = {

/* Begin PBXBuildFile section */
		0EA70F62480572C36DCF1B56 /* RecentPhotosDemo.swift in Sources */ = {isa = PBXBuildFile; fileRef = D35B0472277952E0503240E6 /* RecentPhotosDemo.swift */; };
		1ED531ADA6135C82D6EC2A9F /* AnchoredOverlayKit in Frameworks */ = {isa = PBXBuildFile; productRef = C3335E5EEC3A3C5DEEFD5CF4 /* AnchoredOverlayKit */; };
		517768620B7F5E451E59D818 /* ReliabilityDemo.swift in Sources */ = {isa = PBXBuildFile; fileRef = A2F49E634FD7CE955DCFE0E3 /* ReliabilityDemo.swift */; };
		6D25AA1580F0C14BADAA3FE2 /* Foundation.framework in Frameworks */ = {isa = PBXBuildFile; fileRef = A0B1D47A876320B4B859A234 /* Foundation.framework */; };
		6ED62AC995877DD94A1C9D49 /* DynamicDemo.swift in Sources */ = {isa = PBXBuildFile; fileRef = 0ECBFFA29695E008CC2AC2AD /* DynamicDemo.swift */; };
		8334E41A37BED6CA03BE4FB3 /* App.swift in Sources */ = {isa = PBXBuildFile; fileRef = D711CFDCE00022C9ECFB1324 /* App.swift */; };
		90F2CBE609EA25CF7D631B72 /* ShowcaseController.swift in Sources */ = {isa = PBXBuildFile; fileRef = 0ECBF59B3BD207182A5536A6 /* ShowcaseController.swift */; };
		DD232EAAC4C2445653260ABA /* Photos in Resources */ = {isa = PBXBuildFile; fileRef = A1294E1A21DDBCDF7157418D /* Photos */; };
/* End PBXBuildFile section */

/* Begin PBXFileReference section */
		08C8598518E7F972F1240D77 /* Info.plist */ = {isa = PBXFileReference; includeInIndex = 1; lastKnownFileType = text.plist.xml; path = Info.plist; sourceTree = "<group>"; };
		0ECBF59B3BD207182A5536A6 /* ShowcaseController.swift */ = {isa = PBXFileReference; includeInIndex = 1; lastKnownFileType = sourcecode.swift; path = ShowcaseController.swift; sourceTree = "<group>"; };
		0ECBFFA29695E008CC2AC2AD /* DynamicDemo.swift */ = {isa = PBXFileReference; includeInIndex = 1; lastKnownFileType = sourcecode.swift; path = DynamicDemo.swift; sourceTree = "<group>"; };
		A0B1D47A876320B4B859A234 /* Foundation.framework */ = {isa = PBXFileReference; lastKnownFileType = wrapper.framework; name = Foundation.framework; path = Platforms/iPhoneOS.platform/Developer/SDKs/iPhoneOS26.0.sdk/System/Library/Frameworks/Foundation.framework; sourceTree = DEVELOPER_DIR; };
		A1294E1A21DDBCDF7157418D /* Photos */ = {isa = PBXFileReference; includeInIndex = 1; lastKnownFileType = folder; path = Photos; sourceTree = "<group>"; };
		A23BCF76FD2AF34EA123842D /* OverlayDemo.app */ = {isa = PBXFileReference; explicitFileType = wrapper.application; includeInIndex = 0; path = OverlayDemo.app; sourceTree = BUILT_PRODUCTS_DIR; };
		A2F49E634FD7CE955DCFE0E3 /* ReliabilityDemo.swift */ = {isa = PBXFileReference; includeInIndex = 1; lastKnownFileType = sourcecode.swift; path = ReliabilityDemo.swift; sourceTree = "<group>"; };
		D35B0472277952E0503240E6 /* RecentPhotosDemo.swift */ = {isa = PBXFileReference; includeInIndex = 1; lastKnownFileType = sourcecode.swift; path = RecentPhotosDemo.swift; sourceTree = "<group>"; };
		D711CFDCE00022C9ECFB1324 /* App.swift */ = {isa = PBXFileReference; includeInIndex = 1; lastKnownFileType = sourcecode.swift; path = App.swift; sourceTree = "<group>"; };
/* End PBXFileReference section */

/* Begin PBXFrameworksBuildPhase section */
		4D62DA999C6835DAF2808BD1 /* Frameworks */ = {
			isa = PBXFrameworksBuildPhase;
			buildActionMask = 2147483647;
			files = (
				6D25AA1580F0C14BADAA3FE2 /* Foundation.framework in Frameworks */,
				1ED531ADA6135C82D6EC2A9F /* AnchoredOverlayKit in Frameworks */,
			);
			runOnlyForDeploymentPostprocessing = 0;
		};
/* End PBXFrameworksBuildPhase section */

/* Begin PBXGroup section */
		0EF336B50C8AB55BE66631BC /* Products */ = {
			isa = PBXGroup;
			children = (
				A23BCF76FD2AF34EA123842D /* OverlayDemo.app */,
			);
			name = Products;
			sourceTree = "<group>";
		};
		109BEE33550D6F19F4751FCD /* OverlayDemo */ = {
			isa = PBXGroup;
			children = (
				D711CFDCE00022C9ECFB1324 /* App.swift */,
				0ECBFFA29695E008CC2AC2AD /* DynamicDemo.swift */,
				D35B0472277952E0503240E6 /* RecentPhotosDemo.swift */,
				A1294E1A21DDBCDF7157418D /* Photos */,
				A2F49E634FD7CE955DCFE0E3 /* ReliabilityDemo.swift */,
				0ECBF59B3BD207182A5536A6 /* ShowcaseController.swift */,
				08C8598518E7F972F1240D77 /* Info.plist */,
			);
			name = OverlayDemo;
			path = OverlayDemo;
			sourceTree = "<group>";
		};
		22D129C9F0D6C7B540B6B123 /* iOS */ = {
			isa = PBXGroup;
			children = (
				A0B1D47A876320B4B859A234 /* Foundation.framework */,
			);
			name = iOS;
			sourceTree = "<group>";
		};
		5EDB61CF0658EE8506094122 /* Frameworks */ = {
			isa = PBXGroup;
			children = (
				22D129C9F0D6C7B540B6B123 /* iOS */,
			);
			name = Frameworks;
			sourceTree = "<group>";
		};
		95841800E12BB7595BC86961 = {
			isa = PBXGroup;
			children = (
				0EF336B50C8AB55BE66631BC /* Products */,
				5EDB61CF0658EE8506094122 /* Frameworks */,
				109BEE33550D6F19F4751FCD /* OverlayDemo */,
			);
			sourceTree = "<group>";
		};
/* End PBXGroup section */

/* Begin PBXNativeTarget section */
		C1059D2CDDB8BF0ACEAC9167 /* OverlayDemo */ = {
			isa = PBXNativeTarget;
			buildConfigurationList = 00BC759E93DB28BC0B4FFB53 /* Build configuration list for PBXNativeTarget "OverlayDemo" */;
			buildPhases = (
				653875E928C73F7FDF1CB88D /* Sources */,
				4D62DA999C6835DAF2808BD1 /* Frameworks */,
				E9B0416946F616C3E4D9EF0A /* Resources */,
			);
			buildRules = (
			);
			dependencies = (
			);
			name = OverlayDemo;
			packageProductDependencies = (
				C3335E5EEC3A3C5DEEFD5CF4 /* AnchoredOverlayKit */,
			);
			productName = OverlayDemo;
			productReference = A23BCF76FD2AF34EA123842D /* OverlayDemo.app */;
			productType = "com.apple.product-type.application";
		};
/* End PBXNativeTarget section */

/* Begin PBXProject section */
		8E12EEEC8F00D385879780C2 /* Project object */ = {
			isa = PBXProject;
			attributes = {
				LastSwiftUpdateCheck = 1600;
				LastUpgradeCheck = 1600;
			};
			buildConfigurationList = E16506BC41548645DDDD58BF /* Build configuration list for PBXProject "OverlayDemo" */;
			compatibilityVersion = "Xcode 3.2";
			developmentRegion = en;
			hasScannedForEncodings = 0;
			knownRegions = (
				en,
				Base,
			);
			mainGroup = 95841800E12BB7595BC86961;
			minimizedProjectReferenceProxies = 0;
			packageReferences = (
				FB4C51F716EB36A2D02820A1 /* XCLocalSwiftPackageReference ".." */,
			);
			preferredProjectObjectVersion = 100;
			productRefGroup = 0EF336B50C8AB55BE66631BC /* Products */;
			projectDirPath = "";
			projectRoot = "";
			targets = (
				C1059D2CDDB8BF0ACEAC9167 /* OverlayDemo */,
			);
		};
/* End PBXProject section */

/* Begin PBXResourcesBuildPhase section */
		E9B0416946F616C3E4D9EF0A /* Resources */ = {
			isa = PBXResourcesBuildPhase;
			buildActionMask = 2147483647;
			files = (
				DD232EAAC4C2445653260ABA /* Photos in Resources */,
			);
			runOnlyForDeploymentPostprocessing = 0;
		};
/* End PBXResourcesBuildPhase section */

/* Begin PBXSourcesBuildPhase section */
		653875E928C73F7FDF1CB88D /* Sources */ = {
			isa = PBXSourcesBuildPhase;
			buildActionMask = 2147483647;
			files = (
				8334E41A37BED6CA03BE4FB3 /* App.swift in Sources */,
				6ED62AC995877DD94A1C9D49 /* DynamicDemo.swift in Sources */,
				0EA70F62480572C36DCF1B56 /* RecentPhotosDemo.swift in Sources */,
				517768620B7F5E451E59D818 /* ReliabilityDemo.swift in Sources */,
				90F2CBE609EA25CF7D631B72 /* ShowcaseController.swift in Sources */,
			);
			runOnlyForDeploymentPostprocessing = 0;
		};
/* End PBXSourcesBuildPhase section */

/* Begin XCBuildConfiguration section */
		68583A99B8B5BB4D1347F908 /* Debug */ = {
			isa = XCBuildConfiguration;
			buildSettings = {
				ALWAYS_SEARCH_USER_PATHS = NO;
				CLANG_ANALYZER_NONNULL = YES;
				CLANG_ANALYZER_NUMBER_OBJECT_CONVERSION = YES_AGGRESSIVE;
				CLANG_CXX_LANGUAGE_STANDARD = "gnu++14";
				CLANG_CXX_LIBRARY = "libc++";
				CLANG_ENABLE_MODULES = YES;
				CLANG_ENABLE_OBJC_ARC = YES;
				CLANG_ENABLE_OBJC_WEAK = YES;
				CLANG_WARN_BLOCK_CAPTURE_AUTORELEASING = YES;
				CLANG_WARN_BOOL_CONVERSION = YES;
				CLANG_WARN_COMMA = YES;
				CLANG_WARN_CONSTANT_CONVERSION = YES;
				CLANG_WARN_DEPRECATED_OBJC_IMPLEMENTATIONS = YES;
				CLANG_WARN_DIRECT_OBJC_ISA_USAGE = YES_ERROR;
				CLANG_WARN_DOCUMENTATION_COMMENTS = YES;
				CLANG_WARN_EMPTY_BODY = YES;
				CLANG_WARN_ENUM_CONVERSION = YES;
				CLANG_WARN_INFINITE_RECURSION = YES;
				CLANG_WARN_INT_CONVERSION = YES;
				CLANG_WARN_NON_LITERAL_NULL_CONVERSION = YES;
				CLANG_WARN_OBJC_IMPLICIT_RETAIN_SELF = YES;
				CLANG_WARN_OBJC_LITERAL_CONVERSION = YES;
				CLANG_WARN_OBJC_ROOT_CLASS = YES_ERROR;
				CLANG_WARN_QUOTED_INCLUDE_IN_FRAMEWORK_HEADER = YES;
				CLANG_WARN_RANGE_LOOP_ANALYSIS = YES;
				CLANG_WARN_STRICT_PROTOTYPES = YES;
				CLANG_WARN_SUSPICIOUS_MOVE = YES;
				CLANG_WARN_UNGUARDED_AVAILABILITY = YES_AGGRESSIVE;
				CLANG_WARN_UNREACHABLE_CODE = YES;
				CLANG_WARN__DUPLICATE_METHOD_MATCH = YES;
				COPY_PHASE_STRIP = NO;
				DEBUG_INFORMATION_FORMAT = dwarf;
				ENABLE_STRICT_OBJC_MSGSEND = YES;
				ENABLE_TESTABILITY = YES;
				GCC_C_LANGUAGE_STANDARD = gnu11;
				GCC_DYNAMIC_NO_PIC = NO;
				GCC_NO_COMMON_BLOCKS = YES;
				GCC_OPTIMIZATION_LEVEL = 0;
				GCC_PREPROCESSOR_DEFINITIONS = (
					"DEBUG=1",
					"$(inherited)",
				);
				GCC_WARN_64_TO_32_BIT_CONVERSION = YES;
				GCC_WARN_ABOUT_RETURN_TYPE = YES_ERROR;
				GCC_WARN_UNDECLARED_SELECTOR = YES;
				GCC_WARN_UNINITIALIZED_AUTOS = YES_AGGRESSIVE;
				GCC_WARN_UNUSED_FUNCTION = YES;
				GCC_WARN_UNUSED_VARIABLE = YES;
				MTL_ENABLE_DEBUG_INFO = INCLUDE_SOURCE;
				MTL_FAST_MATH = YES;
				ONLY_ACTIVE_ARCH = YES;
				PRODUCT_NAME = "$(TARGET_NAME)";
				SWIFT_ACTIVE_COMPILATION_CONDITIONS = DEBUG;
				SWIFT_OPTIMIZATION_LEVEL = "-Onone";
				SWIFT_VERSION = 5.0;
			};
			name = Debug;
		};
		87990CEE73BEF902890F2F85 /* Release */ = {
			isa = XCBuildConfiguration;
			buildSettings = {
				ASSETCATALOG_COMPILER_APPICON_NAME = AppIcon;
				ASSETCATALOG_COMPILER_GLOBAL_ACCENT_COLOR_NAME = AccentColor;
				CLANG_ENABLE_OBJC_WEAK = NO;
				CODE_SIGN_STYLE = Automatic;
				GENERATE_INFOPLIST_FILE = YES;
				INFOPLIST_FILE = OverlayDemo/Info.plist;
				INFOPLIST_KEY_UIApplicationSceneManifest_Generation = YES;
				INFOPLIST_KEY_UILaunchScreen_Generation = YES;
				INFOPLIST_KEY_UISupportedInterfaceOrientations = "UIInterfaceOrientationPortrait UIInterfaceOrientationLandscapeLeft UIInterfaceOrientationLandscapeRight";
				IPHONEOS_DEPLOYMENT_TARGET = 16.0;
				LD_RUNPATH_SEARCH_PATHS = "$(inherited) @executable_path/Frameworks";
				PRODUCT_BUNDLE_IDENTIFIER = dev.rien7.AnchoredOverlayDemo;
				SDKROOT = iphoneos;
				SWIFT_VERSION = 6.0;
				TARGETED_DEVICE_FAMILY = "1,2";
				VALIDATE_PRODUCT = YES;
			};
			name = Release;
		};
		8FD0E7A6EF6E56FDB4C8C6B7 /* Release */ = {
			isa = XCBuildConfiguration;
			buildSettings = {
				ALWAYS_SEARCH_USER_PATHS = NO;
				CLANG_ANALYZER_NONNULL = YES;
				CLANG_ANALYZER_NUMBER_OBJECT_CONVERSION = YES_AGGRESSIVE;
				CLANG_CXX_LANGUAGE_STANDARD = "gnu++14";
				CLANG_CXX_LIBRARY = "libc++";
				CLANG_ENABLE_MODULES = YES;
				CLANG_ENABLE_OBJC_ARC = YES;
				CLANG_ENABLE_OBJC_WEAK = YES;
				CLANG_WARN_BLOCK_CAPTURE_AUTORELEASING = YES;
				CLANG_WARN_BOOL_CONVERSION = YES;
				CLANG_WARN_COMMA = YES;
				CLANG_WARN_CONSTANT_CONVERSION = YES;
				CLANG_WARN_DEPRECATED_OBJC_IMPLEMENTATIONS = YES;
				CLANG_WARN_DIRECT_OBJC_ISA_USAGE = YES_ERROR;
				CLANG_WARN_DOCUMENTATION_COMMENTS = YES;
				CLANG_WARN_EMPTY_BODY = YES;
				CLANG_WARN_ENUM_CONVERSION = YES;
				CLANG_WARN_INFINITE_RECURSION = YES;
				CLANG_WARN_INT_CONVERSION = YES;
				CLANG_WARN_NON_LITERAL_NULL_CONVERSION = YES;
				CLANG_WARN_OBJC_IMPLICIT_RETAIN_SELF = YES;
				CLANG_WARN_OBJC_LITERAL_CONVERSION = YES;
				CLANG_WARN_OBJC_ROOT_CLASS = YES_ERROR;
				CLANG_WARN_QUOTED_INCLUDE_IN_FRAMEWORK_HEADER = YES;
				CLANG_WARN_RANGE_LOOP_ANALYSIS = YES;
				CLANG_WARN_STRICT_PROTOTYPES = YES;
				CLANG_WARN_SUSPICIOUS_MOVE = YES;
				CLANG_WARN_UNGUARDED_AVAILABILITY = YES_AGGRESSIVE;
				CLANG_WARN_UNREACHABLE_CODE = YES;
				CLANG_WARN__DUPLICATE_METHOD_MATCH = YES;
				COPY_PHASE_STRIP = NO;
				DEBUG_INFORMATION_FORMAT = "dwarf-with-dsym";
				ENABLE_NS_ASSERTIONS = NO;
				ENABLE_STRICT_OBJC_MSGSEND = YES;
				GCC_C_LANGUAGE_STANDARD = gnu11;
				GCC_NO_COMMON_BLOCKS = YES;
				GCC_WARN_64_TO_32_BIT_CONVERSION = YES;
				GCC_WARN_ABOUT_RETURN_TYPE = YES_ERROR;
				GCC_WARN_UNDECLARED_SELECTOR = YES;
				GCC_WARN_UNINITIALIZED_AUTOS = YES_AGGRESSIVE;
				GCC_WARN_UNUSED_FUNCTION = YES;
				GCC_WARN_UNUSED_VARIABLE = YES;
				MTL_ENABLE_DEBUG_INFO = NO;
				MTL_FAST_MATH = YES;
				PRODUCT_NAME = "$(TARGET_NAME)";
				SWIFT_COMPILATION_MODE = wholemodule;
				SWIFT_OPTIMIZATION_LEVEL = "-O";
				SWIFT_VERSION = 5.0;
			};
			name = Release;
		};
		9D986F706A3263A0E978CFFB /* Debug */ = {
			isa = XCBuildConfiguration;
			buildSettings = {
				ASSETCATALOG_COMPILER_APPICON_NAME = AppIcon;
				ASSETCATALOG_COMPILER_GLOBAL_ACCENT_COLOR_NAME = AccentColor;
				CLANG_ENABLE_OBJC_WEAK = NO;
				CODE_SIGN_STYLE = Automatic;
				GENERATE_INFOPLIST_FILE = YES;
				INFOPLIST_FILE = OverlayDemo/Info.plist;
				INFOPLIST_KEY_UIApplicationSceneManifest_Generation = YES;
				INFOPLIST_KEY_UILaunchScreen_Generation = YES;
				INFOPLIST_KEY_UISupportedInterfaceOrientations = "UIInterfaceOrientationPortrait UIInterfaceOrientationLandscapeLeft UIInterfaceOrientationLandscapeRight";
				IPHONEOS_DEPLOYMENT_TARGET = 16.0;
				LD_RUNPATH_SEARCH_PATHS = "$(inherited) @executable_path/Frameworks";
				PRODUCT_BUNDLE_IDENTIFIER = dev.rien7.AnchoredOverlayDemo;
				SDKROOT = iphoneos;
				SWIFT_VERSION = 6.0;
				TARGETED_DEVICE_FAMILY = "1,2";
			};
			name = Debug;
		};
/* End XCBuildConfiguration section */

/* Begin XCConfigurationList section */
		00BC759E93DB28BC0B4FFB53 /* Build configuration list for PBXNativeTarget "OverlayDemo" */ = {
			isa = XCConfigurationList;
			buildConfigurations = (
				87990CEE73BEF902890F2F85 /* Release */,
				9D986F706A3263A0E978CFFB /* Debug */,
			);
			defaultConfigurationIsVisible = 0;
			defaultConfigurationName = Release;
		};
		E16506BC41548645DDDD58BF /* Build configuration list for PBXProject "OverlayDemo" */ = {
			isa = XCConfigurationList;
			buildConfigurations = (
				68583A99B8B5BB4D1347F908 /* Debug */,
				8FD0E7A6EF6E56FDB4C8C6B7 /* Release */,
			);
			defaultConfigurationIsVisible = 0;
			defaultConfigurationName = Release;
		};
/* End XCConfigurationList section */

/* Begin XCLocalSwiftPackageReference section */
		FB4C51F716EB36A2D02820A1 /* XCLocalSwiftPackageReference ".." */ = {
			isa = XCLocalSwiftPackageReference;
			relativePath = ..;
		};
/* End XCLocalSwiftPackageReference section */

/* Begin XCSwiftPackageProductDependency section */
		C3335E5EEC3A3C5DEEFD5CF4 /* AnchoredOverlayKit */ = {
			isa = XCSwiftPackageProductDependency;
			package = FB4C51F716EB36A2D02820A1 /* XCLocalSwiftPackageReference ".." */;
			productName = AnchoredOverlayKit;
		};
/* End XCSwiftPackageProductDependency section */
	};
	rootObject = 8E12EEEC8F00D385879780C2 /* Project object */;
}
